
Microsoft Visual Studio Solution File, Format Version 12.00
# Visual Studio Version 17
VisualStudioVersion = 17.14.36623.8 d17.14
MinimumVisualStudioVersion = 10.0.40219.1
Project("{FAE04EC0-301F-11D3-BF4B-00C04F79EFBC}") = "Sample0415", "Sample0415\Sample0415.csproj", "{BDCD2DC3-776D-4FB8-8237-933B0AB2E1D3}"
EndProject
Global
	GlobalSection(SolutionConfigurationPlatforms) = preSolution
		Debug|Any CPU = Debug|Any CPU
		Release|Any CPU = Release|Any CPU
	EndGlobalSection
	GlobalSection(ProjectConfigurationPlatforms) = postSolution
		{BDCD2DC3-776D-4FB8-8237-933B0AB2E1D3}.Debug|Any CPU.ActiveCfg = Debug|Any CPU
		{BDCD2DC3-776D-4FB8-8237-933B0AB2E1D3}.Debug|Any CPU.Build.0 = Debug|Any CPU
		{BDCD2DC3-776D-4FB8-8237-933B0AB2E1D3}.Release|Any CPU.ActiveCfg = Release|Any CPU
		{BDCD2DC3-776D-4FB8-8237-933B0AB2E1D3}.Release|Any CPU.Build.0 = Release|Any CPU
	EndGlobalSection
	GlobalSection(SolutionProperties) = preSolution
		HideSolutionNode = FALSE
	EndGlobalSection
	GlobalSection(ExtensibilityGlobals) = postSolution
		SolutionGuid = {C1C72D33-E21E-4A9F-9065-D421F3D0A6A0}
	EndGlobalSection
EndGlobal
