
Microsoft Visual Studio Solution File, Format Version 12.00
# Visual Studio Version 17
VisualStudioVersion = 17.14.36623.8
MinimumVisualStudioVersion = 10.0.40219.1
Project("{2150E333-8FDC-42A3-9474-1A3956D46DE8}") = "Chapter00", "Chapter00", "{DDB4EF12-CC4E-5E88-E6FC-71A802F4DE97}"
EndProject
Project("{FAE04EC0-301F-11D3-BF4B-00C04F79EFBC}") = "Sample0415", "Sample0415\Sample0415\Sample0415.csproj", "{C122D11C-26BC-FA15-8DEA-3C5295D6C490}"
EndProject
Project("{FAE04EC0-301F-11D3-BF4B-00C04F79EFBC}") = "Sample0413", "Sample0413\Sample0413\Sample0413.csproj", "{DEF6A562-2E85-56D6-5E83-A75E175B449B}"
EndProject
Project("{FAE04EC0-301F-11D3-BF4B-00C04F79EFBC}") = "Sample0416_1", "Sample0416_1\Sample0416_1.csproj", "{09C36E9F-B5B5-410B-8C65-475CC8A03535}"
EndProject
Project("{2150E333-8FDC-42A3-9474-1A3956D46DE8}") = "Chapter01", "Chapter01", "{0EFC9EB1-FE7C-40C6-8862-671494FAC0B7}"
EndProject
Project("{2150E333-8FDC-42A3-9474-1A3956D46DE8}") = "Chapter02", "Chapter02", "{5DD30DA8-5754-425A-859E-D0429622BD67}"
EndProject
Project("{2150E333-8FDC-42A3-9474-1A3956D46DE8}") = "距離換算プログラム", "距離換算プログラム", "{BC6F7BFA-94D4-41A1-ACCF-E5635A52C872}"
EndProject
Project("{FAE04EC0-301F-11D3-BF4B-00C04F79EFBC}") = "DistanceConverter", "Chapter02\距離換算プログラム\DistanceConverter\DistanceConverter.csproj", "{B516313F-EA5E-4EEA-8E56-98E4830BB9C8}"
EndProject
Project("{2150E333-8FDC-42A3-9474-1A3956D46DE8}") = "Chapter04", "Chapter04", "{80BBD4D8-76CD-464B-813A-0D2FE2F48466}"
EndProject
Project("{2150E333-8FDC-42A3-9474-1A3956D46DE8}") = "p108_文字列を数値に変換する", "p108_文字列を数値に変換する", "{5B0A9C60-24A7-4BB6-90A9-0E10873B7F65}"
EndProject
Project("{FAE04EC0-301F-11D3-BF4B-00C04F79EFBC}") = "Cord4_36", "Chapter04\文字列を数値に変換する\Cord4_36\Cord4_36.csproj", "{544D16DF-986A-4068-8012-13B8DCDC08B3}"
EndProject
Project("{2150E333-8FDC-42A3-9474-1A3956D46DE8}") = "売上集計プログラム", "売上集計プログラム", "{49B25065-7E42-4E48-A236-25BDE55A9DB6}"
EndProject
Project("{FAE04EC0-301F-11D3-BF4B-00C04F79EFBC}") = "SalesCalculator", "Chapter02\売上集計プログラム\SalesCalculator\SalesCalculator.csproj", "{74B2FA5C-7468-436E-B449-DCBE7948689C}"
EndProject
Global
	GlobalSection(SolutionConfigurationPlatforms) = preSolution
		Debug|Any CPU = Debug|Any CPU
		Release|Any CPU = Release|Any CPU
	EndGlobalSection
	GlobalSection(ProjectConfigurationPlatforms) = postSolution
		{C122D11C-26BC-FA15-8DEA-3C5295D6C490}.Debug|Any CPU.ActiveCfg = Debug|Any CPU
		{C122D11C-26BC-FA15-8DEA-3C5295D6C490}.Debug|Any CPU.Build.0 = Debug|Any CPU
		{C122D11C-26BC-FA15-8DEA-3C5295D6C490}.Release|Any CPU.ActiveCfg = Release|Any CPU
		{C122D11C-26BC-FA15-8DEA-3C5295D6C490}.Release|Any CPU.Build.0 = Release|Any CPU
		{DEF6A562-2E85-56D6-5E83-A75E175B449B}.Debug|Any CPU.ActiveCfg = Debug|Any CPU
		{DEF6A562-2E85-56D6-5E83-A75E175B449B}.Debug|Any CPU.Build.0 = Debug|Any CPU
		{DEF6A562-2E85-56D6-5E83-A75E175B449B}.Release|Any CPU.ActiveCfg = Release|Any CPU
		{DEF6A562-2E85-56D6-5E83-A75E175B449B}.Release|Any CPU.Build.0 = Release|Any CPU
		{09C36E9F-B5B5-410B-8C65-475CC8A03535}.Debug|Any CPU.ActiveCfg = Debug|Any CPU
		{09C36E9F-B5B5-410B-8C65-475CC8A03535}.Debug|Any CPU.Build.0 = Debug|Any CPU
		{09C36E9F-B5B5-410B-8C65-475CC8A03535}.Release|Any CPU.ActiveCfg = Release|Any CPU
		{09C36E9F-B5B5-410B-8C65-475CC8A03535}.Release|Any CPU.Build.0 = Release|Any CPU
		{B516313F-EA5E-4EEA-8E56-98E4830BB9C8}.Debug|Any CPU.ActiveCfg = Debug|Any CPU
		{B516313F-EA5E-4EEA-8E56-98E4830BB9C8}.Debug|Any CPU.Build.0 = Debug|Any CPU
		{B516313F-EA5E-4EEA-8E56-98E4830BB9C8}.Release|Any CPU.ActiveCfg = Release|Any CPU
		{B516313F-EA5E-4EEA-8E56-98E4830BB9C8}.Release|Any CPU.Build.0 = Release|Any CPU
		{544D16DF-986A-4068-8012-13B8DCDC08B3}.Debug|Any CPU.ActiveCfg = Debug|Any CPU
		{544D16DF-986A-4068-8012-13B8DCDC08B3}.Debug|Any CPU.Build.0 = Debug|Any CPU
		{544D16DF-986A-4068-8012-13B8DCDC08B3}.Release|Any CPU.ActiveCfg = Release|Any CPU
		{544D16DF-986A-4068-8012-13B8DCDC08B3}.Release|Any CPU.Build.0 = Release|Any CPU
		{74B2FA5C-7468-436E-B449-DCBE7948689C}.Debug|Any CPU.ActiveCfg = Debug|Any CPU
		{74B2FA5C-7468-436E-B449-DCBE7948689C}.Debug|Any CPU.Build.0 = Debug|Any CPU
		{74B2FA5C-7468-436E-B449-DCBE7948689C}.Release|Any CPU.ActiveCfg = Release|Any CPU
		{74B2FA5C-7468-436E-B449-DCBE7948689C}.Release|Any CPU.Build.0 = Release|Any CPU
	EndGlobalSection
	GlobalSection(SolutionProperties) = preSolution
		HideSolutionNode = FALSE
	EndGlobalSection
	GlobalSection(NestedProjects) = preSolution
		{C122D11C-26BC-FA15-8DEA-3C5295D6C490} = {DDB4EF12-CC4E-5E88-E6FC-71A802F4DE97}
		{DEF6A562-2E85-56D6-5E83-A75E175B449B} = {DDB4EF12-CC4E-5E88-E6FC-71A802F4DE97}
		{09C36E9F-B5B5-410B-8C65-475CC8A03535} = {DDB4EF12-CC4E-5E88-E6FC-71A802F4DE97}
		{BC6F7BFA-94D4-41A1-ACCF-E5635A52C872} = {5DD30DA8-5754-425A-859E-D0429622BD67}
		{B516313F-EA5E-4EEA-8E56-98E4830BB9C8} = {BC6F7BFA-94D4-41A1-ACCF-E5635A52C872}
		{5B0A9C60-24A7-4BB6-90A9-0E10873B7F65} = {80BBD4D8-76CD-464B-813A-0D2FE2F48466}
		{544D16DF-986A-4068-8012-13B8DCDC08B3} = {5B0A9C60-24A7-4BB6-90A9-0E10873B7F65}
		{49B25065-7E42-4E48-A236-25BDE55A9DB6} = {5DD30DA8-5754-425A-859E-D0429622BD67}
		{74B2FA5C-7468-436E-B449-DCBE7948689C} = {49B25065-7E42-4E48-A236-25BDE55A9DB6}
	EndGlobalSection
	GlobalSection(ExtensibilityGlobals) = postSolution
		SolutionGuid = {B4DD2721-811F-4AAC-ABFA-BEE15D23B254}
	EndGlobalSection
EndGlobal
