
Microsoft Visual Studio Solution File, Format Version 12.00
# Visual Studio Version 17
VisualStudioVersion = 17.14.36623.8
MinimumVisualStudioVersion = 10.0.40219.1
Project("{2150E333-8FDC-42A3-9474-1A3956D46DE8}") = "Chapter00", "Chapter00", "{DDB4EF12-CC4E-5E88-E6FC-71A802F4DE97}"
EndProject
Project("{FAE04EC0-301F-11D3-BF4B-00C04F79EFBC}") = "Sample0415", "Sample0415\Sample0415\Sample0415.csproj", "{C122D11C-26BC-FA15-8DEA-3C5295D6C490}"
EndProject
Project("{FAE04EC0-301F-11D3-BF4B-00C04F79EFBC}") = "Sample0413", "Sample0413\Sample0413\Sample0413.csproj", "{DEF6A562-2E85-56D6-5E83-A75E175B449B}"
EndProject
Project("{FAE04EC0-301F-11D3-BF4B-00C04F79EFBC}") = "Sample0416_1", "Sample0416_1\Sample0416_1.csproj", "{09C36E9F-B5B5-410B-8C65-475CC8A03535}"
EndProject
Project("{2150E333-8FDC-42A3-9474-1A3956D46DE8}") = "Chapter01", "Chapter01", "{0EFC9EB1-FE7C-40C6-8862-671494FAC0B7}"
EndProject
Project("{2150E333-8FDC-42A3-9474-1A3956D46DE8}") = "Chapter02", "Chapter02", "{5DD30DA8-5754-425A-859E-D0429622BD67}"
EndProject
Project("{2150E333-8FDC-42A3-9474-1A3956D46DE8}") = "距離換算プログラム", "距離換算プログラム", "{BC6F7BFA-94D4-41A1-ACCF-E5635A52C872}"
EndProject
Project("{FAE04EC0-301F-11D3-BF4B-00C04F79EFBC}") = "DistanceConverter", "Chapter02\距離換算プログラム\DistanceConverter\DistanceConverter.csproj", "{B516313F-EA5E-4EEA-8E56-98E4830BB9C8}"
EndProject
Project("{2150E333-8FDC-42A3-9474-1A3956D46DE8}") = "Chapter04", "Chapter04", "{80BBD4D8-76CD-464B-813A-0D2FE2F48466}"
EndProject
Project("{2150E333-8FDC-42A3-9474-1A3956D46DE8}") = "p108_文字列を数値に変換する", "p108_文字列を数値に変換する", "{5B0A9C60-24A7-4BB6-90A9-0E10873B7F65}"
EndProject
Project("{FAE04EC0-301F-11D3-BF4B-00C04F79EFBC}") = "Cord4_36", "Chapter04\文字列を数値に変換する\Cord4_36\Cord4_36.csproj", "{544D16DF-986A-4068-8012-13B8DCDC08B3}"
EndProject
Project("{2150E333-8FDC-42A3-9474-1A3956D46DE8}") = "売上集計プログラム", "売上集計プログラム", "{49B25065-7E42-4E48-A236-25BDE55A9DB6}"
EndProject
Project("{FAE04EC0-301F-11D3-BF4B-00C04F79EFBC}") = "SalesCalculator", "Chapter02\売上集計プログラム\SalesCalculator\SalesCalculator.csproj", "{74B2FA5C-7468-436E-B449-DCBE7948689C}"
EndProject
Project("{2150E333-8FDC-42A3-9474-1A3956D46DE8}") = "演習問題", "演習問題", "{625B69A4-A159-4779-BC7C-02FB65DBF740}"
EndProject
Project("{FAE04EC0-301F-11D3-BF4B-00C04F79EFBC}") = "Exercise01", "Chapter02\演習問題\Exercise01\Exercise01.csproj", "{456E7F3E-027B-4C4B-BE95-3A2735829EC1}"
EndProject
Project("{FAE04EC0-301F-11D3-BF4B-00C04F79EFBC}") = "Exercise02", "Chapter02\演習問題\Exercise02\Exercise02\Exercise02.csproj", "{F3E90CFB-0793-462E-BB18-747692B76162}"
EndProject
Project("{2150E333-8FDC-42A3-9474-1A3956D46DE8}") = "Chapter03", "Chapter03", "{B357E27B-5BAE-4210-ADA1-3A5E333E56AB}"
EndProject
Project("{2150E333-8FDC-42A3-9474-1A3956D46DE8}") = "ラムダ式とLINQ", "ラムダ式とLINQ", "{A7284A99-0D40-4E23-999C-B82FAEEDEA80}"
EndProject
Project("{FAE04EC0-301F-11D3-BF4B-00C04F79EFBC}") = "Section01", "Chapter03\ラムダ式とLINQ\Section01\Section01.csproj", "{3B718D42-861E-4E78-A950-5C82B5A20C12}"
EndProject
Project("{FAE04EC0-301F-11D3-BF4B-00C04F79EFBC}") = "Section04", "Chapter03\ラムダ式とLINQ\Section04\Section04.csproj", "{0037294B-6DE6-4D4A-B3AD-A6D0849FF2AE}"
EndProject
Project("{2150E333-8FDC-42A3-9474-1A3956D46DE8}") = "演習問題", "演習問題", "{D86573F1-8D67-4681-903D-8452A3AC3779}"
EndProject
Project("{FAE04EC0-301F-11D3-BF4B-00C04F79EFBC}") = "Exercise01", "Chapter03\演習問題\Exercise01\Exercise01.csproj", "{38B6BD2D-F799-45D4-B757-0310994FBCDD}"
EndProject
Project("{FAE04EC0-301F-11D3-BF4B-00C04F79EFBC}") = "Exercise02", "Chapter03\演習問題\Exercise02\Exercise02.csproj", "{9661600F-9E2E-EC39-AFA2-64DBC15CE967}"
EndProject
Project("{2150E333-8FDC-42A3-9474-1A3956D46DE8}") = "P098_nullに関するイディオム", "P098_nullに関するイディオム", "{92D5E7AD-64AC-4DBE-9F5C-A5FCEBACB74D}"
EndProject
Project("{FAE04EC0-301F-11D3-BF4B-00C04F79EFBC}") = "Section04", "Chapter04\nullに関するイディオム\Section04\Section04.csproj", "{D215FC4C-C4F1-4BCD-A863-B01C0FC4B5A9}"
EndProject
Project("{2150E333-8FDC-42A3-9474-1A3956D46DE8}") = "演習問題", "演習問題", "{EB003FEC-FD2C-4D0A-827D-069FBF5C7A25}"
EndProject
Project("{FAE04EC0-301F-11D3-BF4B-00C04F79EFBC}") = "Exercise01", "Chapter04\演習問題\Exercise01\Exercise01.csproj", "{1991CAF7-0402-4F6E-9615-5AB2052434B6}"
EndProject
Project("{FAE04EC0-301F-11D3-BF4B-00C04F79EFBC}") = "Exercise02", "Chapter04\演習問題\Exercise02\Exercise02\Exercise02.csproj", "{AA66C1E5-D838-4DD6-B33D-E4B78F7D98E4}"
EndProject
Project("{2150E333-8FDC-42A3-9474-1A3956D46DE8}") = "Chapter05", "Chapter05", "{8654889C-8789-4DB6-B3E3-9F7BA4D7C639}"
EndProject
Project("{2150E333-8FDC-42A3-9474-1A3956D46DE8}") = "プロパティに関するイディオム", "プロパティに関するイディオム", "{8262D955-81FA-4B13-908A-17685CB44731}"
EndProject
Project("{FAE04EC0-301F-11D3-BF4B-00C04F79EFBC}") = "Section01", "Chapter05\プロパティに関するイディオム\Section01\Section01.csproj", "{2D2634F5-8BAB-48DC-AA7E-3DD8BCE5F986}"
EndProject
Project("{2150E333-8FDC-42A3-9474-1A3956D46DE8}") = "メソッドに関するイディオム", "メソッドに関するイディオム", "{85611160-2D7F-40D9-96A6-DBF3470B242D}"
EndProject
Project("{FAE04EC0-301F-11D3-BF4B-00C04F79EFBC}") = "Section02", "Chapter05\メソッドに関するイディオム\Section02\Section02.csproj", "{EA24836D-3E0E-406A-AB82-FE7634D084FF}"
EndProject
Project("{2150E333-8FDC-42A3-9474-1A3956D46DE8}") = "演習問題", "演習問題", "{A31FD006-EF17-4CE6-9E42-9CAEC6386830}"
EndProject
Project("{FAE04EC0-301F-11D3-BF4B-00C04F79EFBC}") = "Exercise02", "Chapter05\演習問題\Exercise02\Exercise02.csproj", "{A3ACA33D-6226-7668-2993-2FC9EA8C783B}"
EndProject
Project("{FAE04EC0-301F-11D3-BF4B-00C04F79EFBC}") = "Exercise01", "Chapter05\演習問題\Exercise01\Exercise01.csproj", "{22736329-D662-8EB0-EAA0-613461B8CE86}"
EndProject
Project("{FAE04EC0-301F-11D3-BF4B-00C04F79EFBC}") = "Exercise03", "Chapter05\演習問題\新しいフォルダー\Exercise03\Exercise03.csproj", "{13758553-E80A-4716-96EE-785F73B0AFC7}"
EndProject
Project("{2150E333-8FDC-42A3-9474-1A3956D46DE8}") = "Chapter06", "Chapter06", "{1C339845-F4B5-4550-AED6-72BABA5E9C18}"
EndProject
Project("{2150E333-8FDC-42A3-9474-1A3956D46DE8}") = "文字列の比較", "文字列の比較", "{F2DBA9C6-4EAA-4142-A473-5AE9BEC1D840}"
EndProject
Project("{FAE04EC0-301F-11D3-BF4B-00C04F79EFBC}") = "Section01", "Chapter06\文字列の比較\Section01\Section01.csproj", "{58FB69B8-34C6-423E-A435-163FFB1F1D84}"
EndProject
Project("{2150E333-8FDC-42A3-9474-1A3956D46DE8}") = "演習問題", "演習問題", "{6EFA44B0-92C1-4DD8-A4C8-88B3142E9DEB}"
EndProject
Project("{FAE04EC0-301F-11D3-BF4B-00C04F79EFBC}") = "Exercise01", "Chapter06\演習問題\Exercise01\Exercise01.csproj", "{B5025803-550F-2718-0B4A-39867A675BF8}"
EndProject
Project("{FAE04EC0-301F-11D3-BF4B-00C04F79EFBC}") = "Exercise02", "Chapter06\演習問題\Exercise02\Exercise02.csproj", "{9605B4B8-0A34-BDE4-CFD2-F49073E3B9EF}"
EndProject
Project("{FAE04EC0-301F-11D3-BF4B-00C04F79EFBC}") = "Exercise03", "Chapter06\演習問題\Exercise03\Exercise03.csproj", "{766DC129-B7E6-6BE5-67FF-02794A6C9D6A}"
EndProject
Global
	GlobalSection(SolutionConfigurationPlatforms) = preSolution
		Debug|Any CPU = Debug|Any CPU
		Release|Any CPU = Release|Any CPU
	EndGlobalSection
	GlobalSection(ProjectConfigurationPlatforms) = postSolution
		{C122D11C-26BC-FA15-8DEA-3C5295D6C490}.Debug|Any CPU.ActiveCfg = Debug|Any CPU
		{C122D11C-26BC-FA15-8DEA-3C5295D6C490}.Debug|Any CPU.Build.0 = Debug|Any CPU
		{C122D11C-26BC-FA15-8DEA-3C5295D6C490}.Release|Any CPU.ActiveCfg = Release|Any CPU
		{C122D11C-26BC-FA15-8DEA-3C5295D6C490}.Release|Any CPU.Build.0 = Release|Any CPU
		{DEF6A562-2E85-56D6-5E83-A75E175B449B}.Debug|Any CPU.ActiveCfg = Debug|Any CPU
		{DEF6A562-2E85-56D6-5E83-A75E175B449B}.Debug|Any CPU.Build.0 = Debug|Any CPU
		{DEF6A562-2E85-56D6-5E83-A75E175B449B}.Release|Any CPU.ActiveCfg = Release|Any CPU
		{DEF6A562-2E85-56D6-5E83-A75E175B449B}.Release|Any CPU.Build.0 = Release|Any CPU
		{09C36E9F-B5B5-410B-8C65-475CC8A03535}.Debug|Any CPU.ActiveCfg = Debug|Any CPU
		{09C36E9F-B5B5-410B-8C65-475CC8A03535}.Debug|Any CPU.Build.0 = Debug|Any CPU
		{09C36E9F-B5B5-410B-8C65-475CC8A03535}.Release|Any CPU.ActiveCfg = Release|Any CPU
		{09C36E9F-B5B5-410B-8C65-475CC8A03535}.Release|Any CPU.Build.0 = Release|Any CPU
		{B516313F-EA5E-4EEA-8E56-98E4830BB9C8}.Debug|Any CPU.ActiveCfg = Debug|Any CPU
		{B516313F-EA5E-4EEA-8E56-98E4830BB9C8}.Debug|Any CPU.Build.0 = Debug|Any CPU
		{B516313F-EA5E-4EEA-8E56-98E4830BB9C8}.Release|Any CPU.ActiveCfg = Release|Any CPU
		{B516313F-EA5E-4EEA-8E56-98E4830BB9C8}.Release|Any CPU.Build.0 = Release|Any CPU
		{544D16DF-986A-4068-8012-13B8DCDC08B3}.Debug|Any CPU.ActiveCfg = Debug|Any CPU
		{544D16DF-986A-4068-8012-13B8DCDC08B3}.Debug|Any CPU.Build.0 = Debug|Any CPU
		{544D16DF-986A-4068-8012-13B8DCDC08B3}.Release|Any CPU.ActiveCfg = Release|Any CPU
		{544D16DF-986A-4068-8012-13B8DCDC08B3}.Release|Any CPU.Build.0 = Release|Any CPU
		{74B2FA5C-7468-436E-B449-DCBE7948689C}.Debug|Any CPU.ActiveCfg = Debug|Any CPU
		{74B2FA5C-7468-436E-B449-DCBE7948689C}.Debug|Any CPU.Build.0 = Debug|Any CPU
		{74B2FA5C-7468-436E-B449-DCBE7948689C}.Release|Any CPU.ActiveCfg = Release|Any CPU
		{74B2FA5C-7468-436E-B449-DCBE7948689C}.Release|Any CPU.Build.0 = Release|Any CPU
		{456E7F3E-027B-4C4B-BE95-3A2735829EC1}.Debug|Any CPU.ActiveCfg = Debug|Any CPU
		{456E7F3E-027B-4C4B-BE95-3A2735829EC1}.Debug|Any CPU.Build.0 = Debug|Any CPU
		{456E7F3E-027B-4C4B-BE95-3A2735829EC1}.Release|Any CPU.ActiveCfg = Release|Any CPU
		{456E7F3E-027B-4C4B-BE95-3A2735829EC1}.Release|Any CPU.Build.0 = Release|Any CPU
		{F3E90CFB-0793-462E-BB18-747692B76162}.Debug|Any CPU.ActiveCfg = Debug|Any CPU
		{F3E90CFB-0793-462E-BB18-747692B76162}.Debug|Any CPU.Build.0 = Debug|Any CPU
		{F3E90CFB-0793-462E-BB18-747692B76162}.Release|Any CPU.ActiveCfg = Release|Any CPU
		{F3E90CFB-0793-462E-BB18-747692B76162}.Release|Any CPU.Build.0 = Release|Any CPU
		{3B718D42-861E-4E78-A950-5C82B5A20C12}.Debug|Any CPU.ActiveCfg = Debug|Any CPU
		{3B718D42-861E-4E78-A950-5C82B5A20C12}.Debug|Any CPU.Build.0 = Debug|Any CPU
		{3B718D42-861E-4E78-A950-5C82B5A20C12}.Release|Any CPU.ActiveCfg = Release|Any CPU
		{3B718D42-861E-4E78-A950-5C82B5A20C12}.Release|Any CPU.Build.0 = Release|Any CPU
		{0037294B-6DE6-4D4A-B3AD-A6D0849FF2AE}.Debug|Any CPU.ActiveCfg = Debug|Any CPU
		{0037294B-6DE6-4D4A-B3AD-A6D0849FF2AE}.Debug|Any CPU.Build.0 = Debug|Any CPU
		{0037294B-6DE6-4D4A-B3AD-A6D0849FF2AE}.Release|Any CPU.ActiveCfg = Release|Any CPU
		{0037294B-6DE6-4D4A-B3AD-A6D0849FF2AE}.Release|Any CPU.Build.0 = Release|Any CPU
		{38B6BD2D-F799-45D4-B757-0310994FBCDD}.Debug|Any CPU.ActiveCfg = Debug|Any CPU
		{38B6BD2D-F799-45D4-B757-0310994FBCDD}.Debug|Any CPU.Build.0 = Debug|Any CPU
		{38B6BD2D-F799-45D4-B757-0310994FBCDD}.Release|Any CPU.ActiveCfg = Release|Any CPU
		{38B6BD2D-F799-45D4-B757-0310994FBCDD}.Release|Any CPU.Build.0 = Release|Any CPU
		{9661600F-9E2E-EC39-AFA2-64DBC15CE967}.Debug|Any CPU.ActiveCfg = Debug|Any CPU
		{9661600F-9E2E-EC39-AFA2-64DBC15CE967}.Debug|Any CPU.Build.0 = Debug|Any CPU
		{9661600F-9E2E-EC39-AFA2-64DBC15CE967}.Release|Any CPU.ActiveCfg = Release|Any CPU
		{9661600F-9E2E-EC39-AFA2-64DBC15CE967}.Release|Any CPU.Build.0 = Release|Any CPU
		{D215FC4C-C4F1-4BCD-A863-B01C0FC4B5A9}.Debug|Any CPU.ActiveCfg = Debug|Any CPU
		{D215FC4C-C4F1-4BCD-A863-B01C0FC4B5A9}.Debug|Any CPU.Build.0 = Debug|Any CPU
		{D215FC4C-C4F1-4BCD-A863-B01C0FC4B5A9}.Release|Any CPU.ActiveCfg = Release|Any CPU
		{D215FC4C-C4F1-4BCD-A863-B01C0FC4B5A9}.Release|Any CPU.Build.0 = Release|Any CPU
		{1991CAF7-0402-4F6E-9615-5AB2052434B6}.Debug|Any CPU.ActiveCfg = Debug|Any CPU
		{1991CAF7-0402-4F6E-9615-5AB2052434B6}.Debug|Any CPU.Build.0 = Debug|Any CPU
		{1991CAF7-0402-4F6E-9615-5AB2052434B6}.Release|Any CPU.ActiveCfg = Release|Any CPU
		{1991CAF7-0402-4F6E-9615-5AB2052434B6}.Release|Any CPU.Build.0 = Release|Any CPU
		{AA66C1E5-D838-4DD6-B33D-E4B78F7D98E4}.Debug|Any CPU.ActiveCfg = Debug|Any CPU
		{AA66C1E5-D838-4DD6-B33D-E4B78F7D98E4}.Debug|Any CPU.Build.0 = Debug|Any CPU
		{AA66C1E5-D838-4DD6-B33D-E4B78F7D98E4}.Release|Any CPU.ActiveCfg = Release|Any CPU
		{AA66C1E5-D838-4DD6-B33D-E4B78F7D98E4}.Release|Any CPU.Build.0 = Release|Any CPU
		{2D2634F5-8BAB-48DC-AA7E-3DD8BCE5F986}.Debug|Any CPU.ActiveCfg = Debug|Any CPU
		{2D2634F5-8BAB-48DC-AA7E-3DD8BCE5F986}.Debug|Any CPU.Build.0 = Debug|Any CPU
		{2D2634F5-8BAB-48DC-AA7E-3DD8BCE5F986}.Release|Any CPU.ActiveCfg = Release|Any CPU
		{2D2634F5-8BAB-48DC-AA7E-3DD8BCE5F986}.Release|Any CPU.Build.0 = Release|Any CPU
		{EA24836D-3E0E-406A-AB82-FE7634D084FF}.Debug|Any CPU.ActiveCfg = Debug|Any CPU
		{EA24836D-3E0E-406A-AB82-FE7634D084FF}.Debug|Any CPU.Build.0 = Debug|Any CPU
		{EA24836D-3E0E-406A-AB82-FE7634D084FF}.Release|Any CPU.ActiveCfg = Release|Any CPU
		{EA24836D-3E0E-406A-AB82-FE7634D084FF}.Release|Any CPU.Build.0 = Release|Any CPU
		{A3ACA33D-6226-7668-2993-2FC9EA8C783B}.Debug|Any CPU.ActiveCfg = Debug|Any CPU
		{A3ACA33D-6226-7668-2993-2FC9EA8C783B}.Debug|Any CPU.Build.0 = Debug|Any CPU
		{A3ACA33D-6226-7668-2993-2FC9EA8C783B}.Release|Any CPU.ActiveCfg = Release|Any CPU
		{A3ACA33D-6226-7668-2993-2FC9EA8C783B}.Release|Any CPU.Build.0 = Release|Any CPU
		{22736329-D662-8EB0-EAA0-613461B8CE86}.Debug|Any CPU.ActiveCfg = Debug|Any CPU
		{22736329-D662-8EB0-EAA0-613461B8CE86}.Debug|Any CPU.Build.0 = Debug|Any CPU
		{22736329-D662-8EB0-EAA0-613461B8CE86}.Release|Any CPU.ActiveCfg = Release|Any CPU
		{22736329-D662-8EB0-EAA0-613461B8CE86}.Release|Any CPU.Build.0 = Release|Any CPU
		{13758553-E80A-4716-96EE-785F73B0AFC7}.Debug|Any CPU.ActiveCfg = Debug|Any CPU
		{13758553-E80A-4716-96EE-785F73B0AFC7}.Debug|Any CPU.Build.0 = Debug|Any CPU
		{13758553-E80A-4716-96EE-785F73B0AFC7}.Release|Any CPU.ActiveCfg = Release|Any CPU
		{13758553-E80A-4716-96EE-785F73B0AFC7}.Release|Any CPU.Build.0 = Release|Any CPU
		{58FB69B8-34C6-423E-A435-163FFB1F1D84}.Debug|Any CPU.ActiveCfg = Debug|Any CPU
		{58FB69B8-34C6-423E-A435-163FFB1F1D84}.Debug|Any CPU.Build.0 = Debug|Any CPU
		{58FB69B8-34C6-423E-A435-163FFB1F1D84}.Release|Any CPU.ActiveCfg = Release|Any CPU
		{58FB69B8-34C6-423E-A435-163FFB1F1D84}.Release|Any CPU.Build.0 = Release|Any CPU
		{B5025803-550F-2718-0B4A-39867A675BF8}.Debug|Any CPU.ActiveCfg = Debug|Any CPU
		{B5025803-550F-2718-0B4A-39867A675BF8}.Debug|Any CPU.Build.0 = Debug|Any CPU
		{B5025803-550F-2718-0B4A-39867A675BF8}.Release|Any CPU.ActiveCfg = Release|Any CPU
		{B5025803-550F-2718-0B4A-39867A675BF8}.Release|Any CPU.Build.0 = Release|Any CPU
		{9605B4B8-0A34-BDE4-CFD2-F49073E3B9EF}.Debug|Any CPU.ActiveCfg = Debug|Any CPU
		{9605B4B8-0A34-BDE4-CFD2-F49073E3B9EF}.Debug|Any CPU.Build.0 = Debug|Any CPU
		{9605B4B8-0A34-BDE4-CFD2-F49073E3B9EF}.Release|Any CPU.ActiveCfg = Release|Any CPU
		{9605B4B8-0A34-BDE4-CFD2-F49073E3B9EF}.Release|Any CPU.Build.0 = Release|Any CPU
		{766DC129-B7E6-6BE5-67FF-02794A6C9D6A}.Debug|Any CPU.ActiveCfg = Debug|Any CPU
		{766DC129-B7E6-6BE5-67FF-02794A6C9D6A}.Debug|Any CPU.Build.0 = Debug|Any CPU
		{766DC129-B7E6-6BE5-67FF-02794A6C9D6A}.Release|Any CPU.ActiveCfg = Release|Any CPU
		{766DC129-B7E6-6BE5-67FF-02794A6C9D6A}.Release|Any CPU.Build.0 = Release|Any CPU
	EndGlobalSection
	GlobalSection(SolutionProperties) = preSolution
		HideSolutionNode = FALSE
	EndGlobalSection
	GlobalSection(NestedProjects) = preSolution
		{C122D11C-26BC-FA15-8DEA-3C5295D6C490} = {DDB4EF12-CC4E-5E88-E6FC-71A802F4DE97}
		{DEF6A562-2E85-56D6-5E83-A75E175B449B} = {DDB4EF12-CC4E-5E88-E6FC-71A802F4DE97}
		{09C36E9F-B5B5-410B-8C65-475CC8A03535} = {DDB4EF12-CC4E-5E88-E6FC-71A802F4DE97}
		{BC6F7BFA-94D4-41A1-ACCF-E5635A52C872} = {5DD30DA8-5754-425A-859E-D0429622BD67}
		{B516313F-EA5E-4EEA-8E56-98E4830BB9C8} = {BC6F7BFA-94D4-41A1-ACCF-E5635A52C872}
		{5B0A9C60-24A7-4BB6-90A9-0E10873B7F65} = {80BBD4D8-76CD-464B-813A-0D2FE2F48466}
		{544D16DF-986A-4068-8012-13B8DCDC08B3} = {5B0A9C60-24A7-4BB6-90A9-0E10873B7F65}
		{49B25065-7E42-4E48-A236-25BDE55A9DB6} = {5DD30DA8-5754-425A-859E-D0429622BD67}
		{74B2FA5C-7468-436E-B449-DCBE7948689C} = {49B25065-7E42-4E48-A236-25BDE55A9DB6}
		{625B69A4-A159-4779-BC7C-02FB65DBF740} = {5DD30DA8-5754-425A-859E-D0429622BD67}
		{456E7F3E-027B-4C4B-BE95-3A2735829EC1} = {625B69A4-A159-4779-BC7C-02FB65DBF740}
		{F3E90CFB-0793-462E-BB18-747692B76162} = {625B69A4-A159-4779-BC7C-02FB65DBF740}
		{A7284A99-0D40-4E23-999C-B82FAEEDEA80} = {B357E27B-5BAE-4210-ADA1-3A5E333E56AB}
		{3B718D42-861E-4E78-A950-5C82B5A20C12} = {A7284A99-0D40-4E23-999C-B82FAEEDEA80}
		{0037294B-6DE6-4D4A-B3AD-A6D0849FF2AE} = {A7284A99-0D40-4E23-999C-B82FAEEDEA80}
		{D86573F1-8D67-4681-903D-8452A3AC3779} = {B357E27B-5BAE-4210-ADA1-3A5E333E56AB}
		{38B6BD2D-F799-45D4-B757-0310994FBCDD} = {D86573F1-8D67-4681-903D-8452A3AC3779}
		{9661600F-9E2E-EC39-AFA2-64DBC15CE967} = {D86573F1-8D67-4681-903D-8452A3AC3779}
		{92D5E7AD-64AC-4DBE-9F5C-A5FCEBACB74D} = {80BBD4D8-76CD-464B-813A-0D2FE2F48466}
		{D215FC4C-C4F1-4BCD-A863-B01C0FC4B5A9} = {92D5E7AD-64AC-4DBE-9F5C-A5FCEBACB74D}
		{EB003FEC-FD2C-4D0A-827D-069FBF5C7A25} = {80BBD4D8-76CD-464B-813A-0D2FE2F48466}
		{1991CAF7-0402-4F6E-9615-5AB2052434B6} = {EB003FEC-FD2C-4D0A-827D-069FBF5C7A25}
		{AA66C1E5-D838-4DD6-B33D-E4B78F7D98E4} = {EB003FEC-FD2C-4D0A-827D-069FBF5C7A25}
		{8262D955-81FA-4B13-908A-17685CB44731} = {8654889C-8789-4DB6-B3E3-9F7BA4D7C639}
		{2D2634F5-8BAB-48DC-AA7E-3DD8BCE5F986} = {8262D955-81FA-4B13-908A-17685CB44731}
		{85611160-2D7F-40D9-96A6-DBF3470B242D} = {8654889C-8789-4DB6-B3E3-9F7BA4D7C639}
		{EA24836D-3E0E-406A-AB82-FE7634D084FF} = {85611160-2D7F-40D9-96A6-DBF3470B242D}
		{A31FD006-EF17-4CE6-9E42-9CAEC6386830} = {8654889C-8789-4DB6-B3E3-9F7BA4D7C639}
		{A3ACA33D-6226-7668-2993-2FC9EA8C783B} = {A31FD006-EF17-4CE6-9E42-9CAEC6386830}
		{22736329-D662-8EB0-EAA0-613461B8CE86} = {A31FD006-EF17-4CE6-9E42-9CAEC6386830}
		{13758553-E80A-4716-96EE-785F73B0AFC7} = {A31FD006-EF17-4CE6-9E42-9CAEC6386830}
		{F2DBA9C6-4EAA-4142-A473-5AE9BEC1D840} = {1C339845-F4B5-4550-AED6-72BABA5E9C18}
		{58FB69B8-34C6-423E-A435-163FFB1F1D84} = {F2DBA9C6-4EAA-4142-A473-5AE9BEC1D840}
		{6EFA44B0-92C1-4DD8-A4C8-88B3142E9DEB} = {1C339845-F4B5-4550-AED6-72BABA5E9C18}
		{B5025803-550F-2718-0B4A-39867A675BF8} = {6EFA44B0-92C1-4DD8-A4C8-88B3142E9DEB}
		{9605B4B8-0A34-BDE4-CFD2-F49073E3B9EF} = {6EFA44B0-92C1-4DD8-A4C8-88B3142E9DEB}
		{766DC129-B7E6-6BE5-67FF-02794A6C9D6A} = {6EFA44B0-92C1-4DD8-A4C8-88B3142E9DEB}
	EndGlobalSection
	GlobalSection(ExtensibilityGlobals) = postSolution
		SolutionGuid = {B4DD2721-811F-4AAC-ABFA-BEE15D23B254}
	EndGlobalSection
EndGlobal
